// !$*UTF8*$!
{
	archiveVersion = 1;
	classes = {
	};
	objectVersion = 46;
	objects = {

/* Begin PBXBuildFile section */
		1A0D67E71B8C85CE00CCF7A5 /* AWCameraView.h in Headers */ = {isa = PBXBuildFile; fileRef = BDFD0ACC1789816200DF1A90 /* AWCameraView.h */; settings = {ATTRIBUTES = (Public, ); }; };
		1A0D67E81B8C85CE00CCF7A5 /* AWCameraViewPosition.h in Headers */ = {isa = PBXBuildFile; fileRef = 1A0D67E41B8C847F00CCF7A5 /* AWCameraViewPosition.h */; settings = {ATTRIBUTES = (Public, ); }; };
		1A0D67E91B8C85CE00CCF7A5 /* AWCameraViewDelegate.h in Headers */ = {isa = PBXBuildFile; fileRef = 1A0D67E51B8C84A900CCF7A5 /* AWCameraViewDelegate.h */; settings = {ATTRIBUTES = (Public, ); }; };
		7A5F20951CBD875D00182EF3 /* AWCameraViewCaptureConnectionType.h in Headers */ = {isa = PBXBuildFile; fileRef = 7A5F20941CBD875800182EF3 /* AWCameraViewCaptureConnectionType.h */; };
		BDBD0B591789A26E003A7B23 /* CoreGraphics.framework in Frameworks */ = {isa = PBXBuildFile; fileRef = BDBD0B571789A265003A7B23 /* CoreGraphics.framework */; };
		BDBD0B5B1789A28D003A7B23 /* CoreMedia.framework in Frameworks */ = {isa = PBXBuildFile; fileRef = BDBD0B5A1789A28D003A7B23 /* CoreMedia.framework */; };
		BDFD0A931789800700DF1A90 /* Foundation.framework in Frameworks */ = {isa = PBXBuildFile; fileRef = BDFD0A921789800700DF1A90 /* Foundation.framework */; };
		BDFD0AD11789816B00DF1A90 /* AWCameraView.m in Sources */ = {isa = PBXBuildFile; fileRef = BDFD0ACD1789816200DF1A90 /* AWCameraView.m */; };
		BDFD0AD3178981A800DF1A90 /* UIKit.framework in Frameworks */ = {isa = PBXBuildFile; fileRef = BDFD0AD2178981A800DF1A90 /* UIKit.framework */; };
		BDFD0AD5178981AE00DF1A90 /* AVFoundation.framework in Frameworks */ = {isa = PBXBuildFile; fileRef = BDFD0AD4178981AE00DF1A90 /* AVFoundation.framework */; };
		CED31DF81D2B957400C101D4 /* AWCameraViewFlashMode.h in Headers */ = {isa = PBXBuildFile; fileRef = CED31DF71D2B94B100C101D4 /* AWCameraViewFlashMode.h */; };
/* End PBXBuildFile section */

/* Begin PBXFileReference section */
		1A0D67E41B8C847F00CCF7A5 /* AWCameraViewPosition.h */ = {isa = PBXFileReference; fileEncoding = 4; lastKnownFileType = sourcecode.c.h; path = AWCameraViewPosition.h; sourceTree = "<group>"; };
		1A0D67E51B8C84A900CCF7A5 /* AWCameraViewDelegate.h */ = {isa = PBXFileReference; lastKnownFileType = sourcecode.c.h; path = AWCameraViewDelegate.h; sourceTree = "<group>"; };
		1ABD19441C32D71A00869D72 /* AWCameraView.podspec */ = {isa = PBXFileReference; fileEncoding = 4; lastKnownFileType = text; path = AWCameraView.podspec; sourceTree = "<group>"; };
		7A5F20941CBD875800182EF3 /* AWCameraViewCaptureConnectionType.h */ = {isa = PBXFileReference; lastKnownFileType = sourcecode.c.h; path = AWCameraViewCaptureConnectionType.h; sourceTree = "<group>"; };
		BDBD0B571789A265003A7B23 /* CoreGraphics.framework */ = {isa = PBXFileReference; lastKnownFileType = wrapper.framework; name = CoreGraphics.framework; path = System/Library/Frameworks/CoreGraphics.framework; sourceTree = SDKROOT; };
		BDBD0B5A1789A28D003A7B23 /* CoreMedia.framework */ = {isa = PBXFileReference; lastKnownFileType = wrapper.framework; name = CoreMedia.framework; path = System/Library/Frameworks/CoreMedia.framework; sourceTree = SDKROOT; };
		BDFD0A8F1789800700DF1A90 /* libAWCameraView.a */ = {isa = PBXFileReference; explicitFileType = archive.ar; includeInIndex = 0; path = libAWCameraView.a; sourceTree = BUILT_PRODUCTS_DIR; };
		BDFD0A921789800700DF1A90 /* Foundation.framework */ = {isa = PBXFileReference; lastKnownFileType = wrapper.framework; name = Foundation.framework; path = System/Library/Frameworks/Foundation.framework; sourceTree = SDKROOT; };
		BDFD0ACC1789816200DF1A90 /* AWCameraView.h */ = {isa = PBXFileReference; fileEncoding = 4; lastKnownFileType = sourcecode.c.h; path = AWCameraView.h; sourceTree = "<group>"; };
		BDFD0ACD1789816200DF1A90 /* AWCameraView.m */ = {isa = PBXFileReference; fileEncoding = 4; lastKnownFileType = sourcecode.c.objc; path = AWCameraView.m; sourceTree = "<group>"; };
		BDFD0AD2178981A800DF1A90 /* UIKit.framework */ = {isa = PBXFileReference; lastKnownFileType = wrapper.framework; name = UIKit.framework; path = System/Library/Frameworks/UIKit.framework; sourceTree = SDKROOT; };
		BDFD0AD4178981AE00DF1A90 /* AVFoundation.framework */ = {isa = PBXFileReference; lastKnownFileType = wrapper.framework; name = AVFoundation.framework; path = System/Library/Frameworks/AVFoundation.framework; sourceTree = SDKROOT; };
		CED31DF71D2B94B100C101D4 /* AWCameraViewFlashMode.h */ = {isa = PBXFileReference; lastKnownFileType = sourcecode.c.h; path = AWCameraViewFlashMode.h; sourceTree = "<group>"; };
/* End PBXFileReference section */

/* Begin PBXFrameworksBuildPhase section */
		BDFD0A8C1789800700DF1A90 /* Frameworks */ = {
			isa = PBXFrameworksBuildPhase;
			buildActionMask = 2147483647;
			files = (
				BDBD0B5B1789A28D003A7B23 /* CoreMedia.framework in Frameworks */,
				BDBD0B591789A26E003A7B23 /* CoreGraphics.framework in Frameworks */,
				BDFD0AD5178981AE00DF1A90 /* AVFoundation.framework in Frameworks */,
				BDFD0A931789800700DF1A90 /* Foundation.framework in Frameworks */,
				BDFD0AD3178981A800DF1A90 /* UIKit.framework in Frameworks */,
			);
			runOnlyForDeploymentPostprocessing = 0;
		};
/* End PBXFrameworksBuildPhase section */

/* Begin PBXGroup section */
		BDFD0A861789800700DF1A90 = {
			isa = PBXGroup;
			children = (
				1ABD19441C32D71A00869D72 /* AWCameraView.podspec */,
				BDFD0A941789800700DF1A90 /* AWCameraView */,
				BDFD0A911789800700DF1A90 /* Frameworks */,
				BDFD0A901789800700DF1A90 /* Products */,
			);
			sourceTree = "<group>";
		};
		BDFD0A901789800700DF1A90 /* Products */ = {
			isa = PBXGroup;
			children = (
				BDFD0A8F1789800700DF1A90 /* libAWCameraView.a */,
			);
			name = Products;
			sourceTree = "<group>";
		};
		BDFD0A911789800700DF1A90 /* Frameworks */ = {
			isa = PBXGroup;
			children = (
				BDBD0B5A1789A28D003A7B23 /* CoreMedia.framework */,
				BDBD0B571789A265003A7B23 /* CoreGraphics.framework */,
				BDFD0AD4178981AE00DF1A90 /* AVFoundation.framework */,
				BDFD0AD2178981A800DF1A90 /* UIKit.framework */,
				BDFD0A921789800700DF1A90 /* Foundation.framework */,
			);
			name = Frameworks;
			sourceTree = "<group>";
		};
		BDFD0A941789800700DF1A90 /* AWCameraView */ = {
			isa = PBXGroup;
			children = (
				BDFD0ACC1789816200DF1A90 /* AWCameraView.h */,
				BDFD0ACD1789816200DF1A90 /* AWCameraView.m */,
				1A0D67E41B8C847F00CCF7A5 /* AWCameraViewPosition.h */,
				CED31DF71D2B94B100C101D4 /* AWCameraViewFlashMode.h */,
				1A0D67E51B8C84A900CCF7A5 /* AWCameraViewDelegate.h */,
				7A5F20941CBD875800182EF3 /* AWCameraViewCaptureConnectionType.h */,
			);
			path = AWCameraView;
			sourceTree = "<group>";
		};
/* End PBXGroup section */

/* Begin PBXHeadersBuildPhase section */
		1A0D67E61B8C85C600CCF7A5 /* Headers */ = {
			isa = PBXHeadersBuildPhase;
			buildActionMask = 2147483647;
			files = (
				1A0D67E71B8C85CE00CCF7A5 /* AWCameraView.h in Headers */,
				CED31DF81D2B957400C101D4 /* AWCameraViewFlashMode.h in Headers */,
				7A5F20951CBD875D00182EF3 /* AWCameraViewCaptureConnectionType.h in Headers */,
				1A0D67E81B8C85CE00CCF7A5 /* AWCameraViewPosition.h in Headers */,
				1A0D67E91B8C85CE00CCF7A5 /* AWCameraViewDelegate.h in Headers */,
			);
			runOnlyForDeploymentPostprocessing = 0;
		};
/* End PBXHeadersBuildPhase section */

/* Begin PBXNativeTarget section */
		BDFD0A8E1789800700DF1A90 /* AWCameraView */ = {
			isa = PBXNativeTarget;
			buildConfigurationList = BDFD0AB41789800800DF1A90 /* Build configuration list for PBXNativeTarget "AWCameraView" */;
			buildPhases = (
				BDFD0A8B1789800700DF1A90 /* Sources */,
				BDFD0A8C1789800700DF1A90 /* Frameworks */,
				1A0D67E61B8C85C600CCF7A5 /* Headers */,
			);
			buildRules = (
			);
			dependencies = (
			);
			name = AWCameraView;
			productName = JBCameraView;
			productReference = BDFD0A8F1789800700DF1A90 /* libAWCameraView.a */;
			productType = "com.apple.product-type.library.static";
		};
/* End PBXNativeTarget section */

/* Begin PBXProject section */
		BDFD0A871789800700DF1A90 /* Project object */ = {
			isa = PBXProject;
			attributes = {
				LastTestingUpgradeCheck = 0700;
				LastUpgradeCheck = 0700;
				ORGANIZATIONNAME = aw;
			};
			buildConfigurationList = BDFD0A8A1789800700DF1A90 /* Build configuration list for PBXProject "AWCameraView" */;
			compatibilityVersion = "Xcode 3.2";
			developmentRegion = English;
			hasScannedForEncodings = 0;
			knownRegions = (
				en,
			);
			mainGroup = BDFD0A861789800700DF1A90;
			productRefGroup = BDFD0A901789800700DF1A90 /* Products */;
			projectDirPath = "";
			projectRoot = "";
			targets = (
				BDFD0A8E1789800700DF1A90 /* AWCameraView */,
			);
		};
/* End PBXProject section */

/* Begin PBXSourcesBuildPhase section */
		BDFD0A8B1789800700DF1A90 /* Sources */ = {
			isa = PBXSourcesBuildPhase;
			buildActionMask = 2147483647;
			files = (
				BDFD0AD11789816B00DF1A90 /* AWCameraView.m in Sources */,
			);
			runOnlyForDeploymentPostprocessing = 0;
		};
/* End PBXSourcesBuildPhase section */

/* Begin XCBuildConfiguration section */
		BDFD0AB21789800800DF1A90 /* Debug */ = {
			isa = XCBuildConfiguration;
			buildSettings = {
				ALWAYS_SEARCH_USER_PATHS = NO;
				CLANG_ENABLE_OBJC_ARC = YES;
				CLANG_WARN_CONSTANT_CONVERSION = YES;
				CLANG_WARN_EMPTY_BODY = YES;
				CLANG_WARN_ENUM_CONVERSION = YES;
				CLANG_WARN_INT_CONVERSION = YES;
				CLANG_WARN__DUPLICATE_METHOD_MATCH = YES;
				COPY_PHASE_STRIP = NO;
				ENABLE_TESTABILITY = YES;
				GCC_OPTIMIZATION_LEVEL = 0;
				GCC_PREPROCESSOR_DEFINITIONS = (
					"DEBUG=1",
					"$(inherited)",
				);
				GCC_WARN_ABOUT_RETURN_TYPE = YES;
				GCC_WARN_UNINITIALIZED_AUTOS = YES;
				GCC_WARN_UNUSED_VARIABLE = YES;
				IPHONEOS_DEPLOYMENT_TARGET = 6.0;
				ONLY_ACTIVE_ARCH = YES;
				RUN_CLANG_STATIC_ANALYZER = YES;
				SDKROOT = iphoneos;
			};
			name = Debug;
		};
		BDFD0AB31789800800DF1A90 /* Release */ = {
			isa = XCBuildConfiguration;
			buildSettings = {
				ALWAYS_SEARCH_USER_PATHS = NO;
				CLANG_ENABLE_OBJC_ARC = YES;
				CLANG_WARN_CONSTANT_CONVERSION = YES;
				CLANG_WARN_EMPTY_BODY = YES;
				CLANG_WARN_ENUM_CONVERSION = YES;
				CLANG_WARN_INT_CONVERSION = YES;
				CLANG_WARN__DUPLICATE_METHOD_MATCH = YES;
				GCC_WARN_ABOUT_RETURN_TYPE = YES;
				GCC_WARN_UNINITIALIZED_AUTOS = YES;
				GCC_WARN_UNUSED_VARIABLE = YES;
				IPHONEOS_DEPLOYMENT_TARGET = 6.0;
				RUN_CLANG_STATIC_ANALYZER = YES;
				SDKROOT = iphoneos;
				VALIDATE_PRODUCT = YES;
			};
			name = Release;
		};
		BDFD0AB51789800800DF1A90 /* Debug */ = {
			isa = XCBuildConfiguration;
			buildSettings = {
				PRODUCT_NAME = AWCameraView;
				SKIP_INSTALL = YES;
			};
			name = Debug;
		};
		BDFD0AB61789800800DF1A90 /* Release */ = {
			isa = XCBuildConfiguration;
			buildSettings = {
				PRODUCT_NAME = AWCameraView;
				SKIP_INSTALL = YES;
			};
			name = Release;
		};
/* End XCBuildConfiguration section */

/* Begin XCConfigurationList section */
		BDFD0A8A1789800700DF1A90 /* Build configuration list for PBXProject "AWCameraView" */ = {
			isa = XCConfigurationList;
			buildConfigurations = (
				BDFD0AB21789800800DF1A90 /* Debug */,
				BDFD0AB31789800800DF1A90 /* Release */,
			);
			defaultConfigurationIsVisible = 0;
			defaultConfigurationName = Release;
		};
		BDFD0AB41789800800DF1A90 /* Build configuration list for PBXNativeTarget "AWCameraView" */ = {
			isa = XCConfigurationList;
			buildConfigurations = (
				BDFD0AB51789800800DF1A90 /* Debug */,
				BDFD0AB61789800800DF1A90 /* Release */,
			);
			defaultConfigurationIsVisible = 0;
			defaultConfigurationName = Release;
		};
/* End XCConfigurationList section */
	};
	rootObject = BDFD0A871789800700DF1A90 /* Project object */;
}
